// !$*UTF8*$!
{
	archiveVersion = 1;
	classes = {
	};
	objectVersion = 56;
	objects = {

/* Begin PBXBuildFile section */
		A50789FF2C7B1E9100B6ABC9 /* CurrencyType.swift in Sources */ = {isa = PBXBuildFile; fileRef = A50789FE2C7B1E9100B6ABC9 /* CurrencyType.swift */; };
		A5078A072C7B346E00B6ABC9 /* SettingViewModel.swift in Sources */ = {isa = PBXBuildFile; fileRef = A5078A062C7B346E00B6ABC9 /* SettingViewModel.swift */; };
		A5078A092C7B348C00B6ABC9 /* SettingView.swift in Sources */ = {isa = PBXBuildFile; fileRef = A5078A082C7B348C00B6ABC9 /* SettingView.swift */; };
		A5078A0B2C7B494A00B6ABC9 /* NotificationUtil.swift in Sources */ = {isa = PBXBuildFile; fileRef = A5078A0A2C7B494A00B6ABC9 /* NotificationUtil.swift */; };
		A5106D232C722FD200BB1066 /* SubtrackApp.swift in Sources */ = {isa = PBXBuildFile; fileRef = A5106D222C722FD200BB1066 /* SubtrackApp.swift */; };
		A5106D252C722FD200BB1066 /* ContentView.swift in Sources */ = {isa = PBXBuildFile; fileRef = A5106D242C722FD200BB1066 /* ContentView.swift */; };
		A5106D292C722FD200BB1066 /* Assets.xcassets in Resources */ = {isa = PBXBuildFile; fileRef = A5106D282C722FD200BB1066 /* Assets.xcassets */; };
		A5106D2C2C722FD200BB1066 /* Preview Assets.xcassets in Resources */ = {isa = PBXBuildFile; fileRef = A5106D2B2C722FD200BB1066 /* Preview Assets.xcassets */; };
		A5106D342C72317900BB1066 /* User.swift in Sources */ = {isa = PBXBuildFile; fileRef = A5106D332C72317900BB1066 /* User.swift */; };
		A510BD6E2C7D672100D8418E /* GenreType.swift in Sources */ = {isa = PBXBuildFile; fileRef = A510BD6D2C7D672100D8418E /* GenreType.swift */; };
		A52BE43E2C742B7D0010D3D5 /* HomeViewModel.swift in Sources */ = {isa = PBXBuildFile; fileRef = A52BE43D2C742B7D0010D3D5 /* HomeViewModel.swift */; };
		A52BE4402C742B8A0010D3D5 /* HomeView.swift in Sources */ = {isa = PBXBuildFile; fileRef = A52BE43F2C742B8A0010D3D5 /* HomeView.swift */; };
		A52BE4422C7436160010D3D5 /* SubscriptionRepository.swift in Sources */ = {isa = PBXBuildFile; fileRef = A52BE4412C7436160010D3D5 /* SubscriptionRepository.swift */; };
		A53F22E92C72D15600939FF9 /* Subscription.swift in Sources */ = {isa = PBXBuildFile; fileRef = A53F22E82C72D15600939FF9 /* Subscription.swift */; };
		A53F22ED2C72E35C00939FF9 /* LaunchViewModel.swift in Sources */ = {isa = PBXBuildFile; fileRef = A53F22EC2C72E35C00939FF9 /* LaunchViewModel.swift */; };
		A53F22EF2C72E51F00939FF9 /* LaunchView.swift in Sources */ = {isa = PBXBuildFile; fileRef = A53F22EE2C72E51F00939FF9 /* LaunchView.swift */; };
		A53F22F42C72EFE500939FF9 /* RegisterUserViewModel.swift in Sources */ = {isa = PBXBuildFile; fileRef = A53F22F32C72EFE500939FF9 /* RegisterUserViewModel.swift */; };
		A53F22F72C72F10100939FF9 /* UserRepository.swift in Sources */ = {isa = PBXBuildFile; fileRef = A53F22F62C72F10100939FF9 /* UserRepository.swift */; };
		A53F22F92C72F5C200939FF9 /* RegisterUserView.swift in Sources */ = {isa = PBXBuildFile; fileRef = A53F22F82C72F5C200939FF9 /* RegisterUserView.swift */; };
		A53F22FC2C731C1D00939FF9 /* AppEnvironment.swift in Sources */ = {isa = PBXBuildFile; fileRef = A53F22FB2C731C1D00939FF9 /* AppEnvironment.swift */; };
		A53F23002C732A0A00939FF9 /* Color.swift in Sources */ = {isa = PBXBuildFile; fileRef = A53F22FF2C732A0A00939FF9 /* Color.swift */; };
		A53F23032C732A7E00939FF9 /* CustomTextField.swift in Sources */ = {isa = PBXBuildFile; fileRef = A53F23022C732A7E00939FF9 /* CustomTextField.swift */; };
		A53F23052C732CEE00939FF9 /* CustomButton.swift in Sources */ = {isa = PBXBuildFile; fileRef = A53F23042C732CEE00939FF9 /* CustomButton.swift */; };
		A5423E662C8B459300DB0294 /* GetFaviconURL.swift in Sources */ = {isa = PBXBuildFile; fileRef = A5423E652C8B459300DB0294 /* GetFaviconURL.swift */; };
		A54DF0CD2C78A7FF00904AD7 /* DateFormatUtils.swift in Sources */ = {isa = PBXBuildFile; fileRef = A54DF0CC2C78A7FF00904AD7 /* DateFormatUtils.swift */; };
		A581F0562C78DB98002406BA /* PreviewUtils.swift in Sources */ = {isa = PBXBuildFile; fileRef = A581F0552C78DB98002406BA /* PreviewUtils.swift */; };
		A5E6288B2C74A18400BEBD2C /* SettingSubscriptionView.swift in Sources */ = {isa = PBXBuildFile; fileRef = A5E6288A2C74A18400BEBD2C /* SettingSubscriptionView.swift */; };
		A5E6288D2C74A25700BEBD2C /* SettingSubscriptionViewModel.swift in Sources */ = {isa = PBXBuildFile; fileRef = A5E6288C2C74A25700BEBD2C /* SettingSubscriptionViewModel.swift */; };
/* End PBXBuildFile section */

/* Begin PBXFileReference section */
		A50789FE2C7B1E9100B6ABC9 /* CurrencyType.swift */ = {isa = PBXFileReference; lastKnownFileType = sourcecode.swift; path = CurrencyType.swift; sourceTree = "<group>"; };
		A5078A062C7B346E00B6ABC9 /* SettingViewModel.swift */ = {isa = PBXFileReference; lastKnownFileType = sourcecode.swift; path = SettingViewModel.swift; sourceTree = "<group>"; };
		A5078A082C7B348C00B6ABC9 /* SettingView.swift */ = {isa = PBXFileReference; lastKnownFileType = sourcecode.swift; path = SettingView.swift; sourceTree = "<group>"; };
		A5078A0A2C7B494A00B6ABC9 /* NotificationUtil.swift */ = {isa = PBXFileReference; lastKnownFileType = sourcecode.swift; path = NotificationUtil.swift; sourceTree = "<group>"; };
		A5106D1F2C722FD200BB1066 /* subtrack.app */ = {isa = PBXFileReference; explicitFileType = wrapper.application; includeInIndex = 0; path = subtrack.app; sourceTree = BUILT_PRODUCTS_DIR; };
		A5106D222C722FD200BB1066 /* SubtrackApp.swift */ = {isa = PBXFileReference; lastKnownFileType = sourcecode.swift; path = SubtrackApp.swift; sourceTree = "<group>"; };
		A5106D242C722FD200BB1066 /* ContentView.swift */ = {isa = PBXFileReference; lastKnownFileType = sourcecode.swift; path = ContentView.swift; sourceTree = "<group>"; };
		A5106D282C722FD200BB1066 /* Assets.xcassets */ = {isa = PBXFileReference; lastKnownFileType = folder.assetcatalog; path = Assets.xcassets; sourceTree = "<group>"; };
		A5106D2B2C722FD200BB1066 /* Preview Assets.xcassets */ = {isa = PBXFileReference; lastKnownFileType = folder.assetcatalog; path = "Preview Assets.xcassets"; sourceTree = "<group>"; };
		A5106D332C72317900BB1066 /* User.swift */ = {isa = PBXFileReference; lastKnownFileType = sourcecode.swift; path = User.swift; sourceTree = "<group>"; };
		A510BD6D2C7D672100D8418E /* GenreType.swift */ = {isa = PBXFileReference; lastKnownFileType = sourcecode.swift; path = GenreType.swift; sourceTree = "<group>"; };
		A52BE43D2C742B7D0010D3D5 /* HomeViewModel.swift */ = {isa = PBXFileReference; lastKnownFileType = sourcecode.swift; path = HomeViewModel.swift; sourceTree = "<group>"; };
		A52BE43F2C742B8A0010D3D5 /* HomeView.swift */ = {isa = PBXFileReference; lastKnownFileType = sourcecode.swift; path = HomeView.swift; sourceTree = "<group>"; };
		A52BE4412C7436160010D3D5 /* SubscriptionRepository.swift */ = {isa = PBXFileReference; lastKnownFileType = sourcecode.swift; path = SubscriptionRepository.swift; sourceTree = "<group>"; };
		A53F22E82C72D15600939FF9 /* Subscription.swift */ = {isa = PBXFileReference; lastKnownFileType = sourcecode.swift; path = Subscription.swift; sourceTree = "<group>"; };
		A53F22EC2C72E35C00939FF9 /* LaunchViewModel.swift */ = {isa = PBXFileReference; lastKnownFileType = sourcecode.swift; path = LaunchViewModel.swift; sourceTree = "<group>"; };
		A53F22EE2C72E51F00939FF9 /* LaunchView.swift */ = {isa = PBXFileReference; lastKnownFileType = sourcecode.swift; path = LaunchView.swift; sourceTree = "<group>"; };
		A53F22F32C72EFE500939FF9 /* RegisterUserViewModel.swift */ = {isa = PBXFileReference; lastKnownFileType = sourcecode.swift; path = RegisterUserViewModel.swift; sourceTree = "<group>"; };
		A53F22F62C72F10100939FF9 /* UserRepository.swift */ = {isa = PBXFileReference; lastKnownFileType = sourcecode.swift; path = UserRepository.swift; sourceTree = "<group>"; };
		A53F22F82C72F5C200939FF9 /* RegisterUserView.swift */ = {isa = PBXFileReference; lastKnownFileType = sourcecode.swift; path = RegisterUserView.swift; sourceTree = "<group>"; };
		A53F22FB2C731C1D00939FF9 /* AppEnvironment.swift */ = {isa = PBXFileReference; lastKnownFileType = sourcecode.swift; path = AppEnvironment.swift; sourceTree = "<group>"; };
		A53F22FF2C732A0A00939FF9 /* Color.swift */ = {isa = PBXFileReference; lastKnownFileType = sourcecode.swift; path = Color.swift; sourceTree = "<group>"; };
		A53F23022C732A7E00939FF9 /* CustomTextField.swift */ = {isa = PBXFileReference; lastKnownFileType = sourcecode.swift; path = CustomTextField.swift; sourceTree = "<group>"; };
		A53F23042C732CEE00939FF9 /* CustomButton.swift */ = {isa = PBXFileReference; lastKnownFileType = sourcecode.swift; path = CustomButton.swift; sourceTree = "<group>"; };
		A5423E652C8B459300DB0294 /* GetFaviconURL.swift */ = {isa = PBXFileReference; lastKnownFileType = sourcecode.swift; path = GetFaviconURL.swift; sourceTree = "<group>"; };
		A54DF0CC2C78A7FF00904AD7 /* DateFormatUtils.swift */ = {isa = PBXFileReference; lastKnownFileType = sourcecode.swift; path = DateFormatUtils.swift; sourceTree = "<group>"; };
		A581F0552C78DB98002406BA /* PreviewUtils.swift */ = {isa = PBXFileReference; lastKnownFileType = sourcecode.swift; path = PreviewUtils.swift; sourceTree = "<group>"; };
		A5E6288A2C74A18400BEBD2C /* SettingSubscriptionView.swift */ = {isa = PBXFileReference; lastKnownFileType = sourcecode.swift; path = SettingSubscriptionView.swift; sourceTree = "<group>"; };
		A5E6288C2C74A25700BEBD2C /* SettingSubscriptionViewModel.swift */ = {isa = PBXFileReference; lastKnownFileType = sourcecode.swift; path = SettingSubscriptionViewModel.swift; sourceTree = "<group>"; };
/* End PBXFileReference section */

/* Begin PBXFrameworksBuildPhase section */
		A5106D1C2C722FD200BB1066 /* Frameworks */ = {
			isa = PBXFrameworksBuildPhase;
			buildActionMask = 2147483647;
			files = (
			);
			runOnlyForDeploymentPostprocessing = 0;
		};
/* End PBXFrameworksBuildPhase section */

/* Begin PBXGroup section */
		A5078A052C7B345900B6ABC9 /* setting */ = {
			isa = PBXGroup;
			children = (
				A5078A062C7B346E00B6ABC9 /* SettingViewModel.swift */,
				A5078A082C7B348C00B6ABC9 /* SettingView.swift */,
			);
			path = setting;
			sourceTree = "<group>";
		};
		A5106D162C722FD200BB1066 = {
			isa = PBXGroup;
			children = (
				A5106D212C722FD200BB1066 /* subtrack */,
				A5106D202C722FD200BB1066 /* Products */,
			);
			sourceTree = "<group>";
		};
		A5106D202C722FD200BB1066 /* Products */ = {
			isa = PBXGroup;
			children = (
				A5106D1F2C722FD200BB1066 /* subtrack.app */,
			);
			name = Products;
			sourceTree = "<group>";
		};
		A5106D212C722FD200BB1066 /* subtrack */ = {
			isa = PBXGroup;
			children = (
				A54DF0CB2C78A7DF00904AD7 /* utils */,
				A53F22FA2C731BFF00939FF9 /* di */,
				A53F22F52C72F0F400939FF9 /* repositories */,
				A53F22EB2C72E34600939FF9 /* views */,
				A5106D322C72315F00BB1066 /* models */,
				A5106D222C722FD200BB1066 /* SubtrackApp.swift */,
				A53F22FF2C732A0A00939FF9 /* Color.swift */,
				A5106D242C722FD200BB1066 /* ContentView.swift */,
				A5106D282C722FD200BB1066 /* Assets.xcassets */,
				A5106D2A2C722FD200BB1066 /* Preview Content */,
			);
			path = subtrack;
			sourceTree = "<group>";
		};
		A5106D2A2C722FD200BB1066 /* Preview Content */ = {
			isa = PBXGroup;
			children = (
				A5106D2B2C722FD200BB1066 /* Preview Assets.xcassets */,
			);
			path = "Preview Content";
			sourceTree = "<group>";
		};
		A5106D322C72315F00BB1066 /* models */ = {
			isa = PBXGroup;
			children = (
				A5106D332C72317900BB1066 /* User.swift */,
				A53F22E82C72D15600939FF9 /* Subscription.swift */,
				A50789FE2C7B1E9100B6ABC9 /* CurrencyType.swift */,
				A510BD6D2C7D672100D8418E /* GenreType.swift */,
			);
			path = models;
			sourceTree = "<group>";
		};
		A52BE43C2C742B6B0010D3D5 /* home */ = {
			isa = PBXGroup;
			children = (
				A52BE43D2C742B7D0010D3D5 /* HomeViewModel.swift */,
				A52BE43F2C742B8A0010D3D5 /* HomeView.swift */,
			);
			path = home;
			sourceTree = "<group>";
		};
		A53F22EB2C72E34600939FF9 /* views */ = {
			isa = PBXGroup;
			children = (
				A5078A052C7B345900B6ABC9 /* setting */,
				A5E628882C74A16300BEBD2C /* subscription */,
				A52BE43C2C742B6B0010D3D5 /* home */,
				A53F23012C732A6400939FF9 /* components */,
				A53F22F12C72EF8100939FF9 /* user */,
				A53F22F02C72E70B00939FF9 /* launch */,
			);
			path = views;
			sourceTree = "<group>";
		};
		A53F22F02C72E70B00939FF9 /* launch */ = {
			isa = PBXGroup;
			children = (
				A53F22EE2C72E51F00939FF9 /* LaunchView.swift */,
				A53F22EC2C72E35C00939FF9 /* LaunchViewModel.swift */,
			);
			path = launch;
			sourceTree = "<group>";
		};
		A53F22F12C72EF8100939FF9 /* user */ = {
			isa = PBXGroup;
			children = (
				A53F22F22C72EFD100939FF9 /* register */,
			);
			path = user;
			sourceTree = "<group>";
		};
		A53F22F22C72EFD100939FF9 /* register */ = {
			isa = PBXGroup;
			children = (
				A53F22F32C72EFE500939FF9 /* RegisterUserViewModel.swift */,
				A53F22F82C72F5C200939FF9 /* RegisterUserView.swift */,
			);
			path = register;
			sourceTree = "<group>";
		};
		A53F22F52C72F0F400939FF9 /* repositories */ = {
			isa = PBXGroup;
			children = (
				A53F22F62C72F10100939FF9 /* UserRepository.swift */,
				A52BE4412C7436160010D3D5 /* SubscriptionRepository.swift */,
			);
			path = repositories;
			sourceTree = "<group>";
		};
		A53F22FA2C731BFF00939FF9 /* di */ = {
			isa = PBXGroup;
			children = (
				A53F22FB2C731C1D00939FF9 /* AppEnvironment.swift */,
			);
			path = di;
			sourceTree = "<group>";
		};
		A53F23012C732A6400939FF9 /* components */ = {
			isa = PBXGroup;
			children = (
				A53F23022C732A7E00939FF9 /* CustomTextField.swift */,
				A53F23042C732CEE00939FF9 /* CustomButton.swift */,
			);
			path = components;
			sourceTree = "<group>";
		};
		A54DF0CB2C78A7DF00904AD7 /* utils */ = {
			isa = PBXGroup;
			children = (
				A54DF0CC2C78A7FF00904AD7 /* DateFormatUtils.swift */,
				A581F0552C78DB98002406BA /* PreviewUtils.swift */,
				A5078A0A2C7B494A00B6ABC9 /* NotificationUtil.swift */,
				A5423E652C8B459300DB0294 /* GetFaviconURL.swift */,
			);
			path = utils;
			sourceTree = "<group>";
		};
		A5E628882C74A16300BEBD2C /* subscription */ = {
			isa = PBXGroup;
			children = (
				A5E628892C74A17000BEBD2C /* setting */,
			);
			path = subscription;
			sourceTree = "<group>";
		};
		A5E628892C74A17000BEBD2C /* setting */ = {
			isa = PBXGroup;
			children = (
				A5E6288A2C74A18400BEBD2C /* SettingSubscriptionView.swift */,
				A5E6288C2C74A25700BEBD2C /* SettingSubscriptionViewModel.swift */,
			);
			path = setting;
			sourceTree = "<group>";
		};
/* End PBXGroup section */

/* Begin PBXNativeTarget section */
		A5106D1E2C722FD200BB1066 /* subtrack */ = {
			isa = PBXNativeTarget;
			buildConfigurationList = A5106D2F2C722FD200BB1066 /* Build configuration list for PBXNativeTarget "subtrack" */;
			buildPhases = (
				A5106D1B2C722FD200BB1066 /* Sources */,
				A5106D1C2C722FD200BB1066 /* Frameworks */,
				A5106D1D2C722FD200BB1066 /* Resources */,
				A5EBEB6F2C7378B0007F1D7A /* Run Script */,
			);
			buildRules = (
			);
			dependencies = (
			);
			name = subtrack;
			productName = subtrack;
			productReference = A5106D1F2C722FD200BB1066 /* subtrack.app */;
			productType = "com.apple.product-type.application";
		};
/* End PBXNativeTarget section */

/* Begin PBXProject section */
		A5106D172C722FD200BB1066 /* Project object */ = {
			isa = PBXProject;
			attributes = {
				BuildIndependentTargetsInParallel = 1;
				LastSwiftUpdateCheck = 1540;
				LastUpgradeCheck = 1540;
				TargetAttributes = {
					A5106D1E2C722FD200BB1066 = {
						CreatedOnToolsVersion = 15.4;
					};
				};
			};
			buildConfigurationList = A5106D1A2C722FD200BB1066 /* Build configuration list for PBXProject "subtrack" */;
			compatibilityVersion = "Xcode 14.0";
			developmentRegion = en;
			hasScannedForEncodings = 0;
			knownRegions = (
				en,
				Base,
			);
			mainGroup = A5106D162C722FD200BB1066;
			productRefGroup = A5106D202C722FD200BB1066 /* Products */;
			projectDirPath = "";
			projectRoot = "";
			targets = (
				A5106D1E2C722FD200BB1066 /* subtrack */,
			);
		};
/* End PBXProject section */

/* Begin PBXResourcesBuildPhase section */
		A5106D1D2C722FD200BB1066 /* Resources */ = {
			isa = PBXResourcesBuildPhase;
			buildActionMask = 2147483647;
			files = (
				A5106D2C2C722FD200BB1066 /* Preview Assets.xcassets in Resources */,
				A5106D292C722FD200BB1066 /* Assets.xcassets in Resources */,
			);
			runOnlyForDeploymentPostprocessing = 0;
		};
/* End PBXResourcesBuildPhase section */

/* Begin PBXShellScriptBuildPhase section */
		A5EBEB6F2C7378B0007F1D7A /* Run Script */ = {
			isa = PBXShellScriptBuildPhase;
			alwaysOutOfDate = 1;
			buildActionMask = 2147483647;
			files = (
			);
			inputFileListPaths = (
			);
			inputPaths = (
			);
			name = "Run Script";
			outputFileListPaths = (
			);
			outputPaths = (
			);
			runOnlyForDeploymentPostprocessing = 0;
			shellPath = /bin/sh;
			shellScript = "export PATH=\"$PATH:/opt/homebrew/bin\"\n\nif which swiftlint > /dev/null; then\n  swiftlint --fix --format --no-cache\nelse\n  echo \"warning: SwiftLint not installed, download from https://github.com/realm/SwiftLint\"\nfi\n";
		};
/* End PBXShellScriptBuildPhase section */

/* Begin PBXSourcesBuildPhase section */
		A5106D1B2C722FD200BB1066 /* Sources */ = {
			isa = PBXSourcesBuildPhase;
			buildActionMask = 2147483647;
			files = (
				A53F23052C732CEE00939FF9 /* CustomButton.swift in Sources */,
				A5106D342C72317900BB1066 /* User.swift in Sources */,
				A53F22EF2C72E51F00939FF9 /* LaunchView.swift in Sources */,
				A5423E662C8B459300DB0294 /* GetFaviconURL.swift in Sources */,
				A52BE4402C742B8A0010D3D5 /* HomeView.swift in Sources */,
				A5078A092C7B348C00B6ABC9 /* SettingView.swift in Sources */,
				A54DF0CD2C78A7FF00904AD7 /* DateFormatUtils.swift in Sources */,
				A53F23002C732A0A00939FF9 /* Color.swift in Sources */,
				A53F22F42C72EFE500939FF9 /* RegisterUserViewModel.swift in Sources */,
				A53F22F92C72F5C200939FF9 /* RegisterUserView.swift in Sources */,
				A5106D252C722FD200BB1066 /* ContentView.swift in Sources */,
				A53F22FC2C731C1D00939FF9 /* AppEnvironment.swift in Sources */,
				A53F22E92C72D15600939FF9 /* Subscription.swift in Sources */,
				A52BE43E2C742B7D0010D3D5 /* HomeViewModel.swift in Sources */,
				A53F23032C732A7E00939FF9 /* CustomTextField.swift in Sources */,
				A5078A0B2C7B494A00B6ABC9 /* NotificationUtil.swift in Sources */,
				A5E6288D2C74A25700BEBD2C /* SettingSubscriptionViewModel.swift in Sources */,
				A52BE4422C7436160010D3D5 /* SubscriptionRepository.swift in Sources */,
				A581F0562C78DB98002406BA /* PreviewUtils.swift in Sources */,
				A50789FF2C7B1E9100B6ABC9 /* CurrencyType.swift in Sources */,
				A53F22ED2C72E35C00939FF9 /* LaunchViewModel.swift in Sources */,
				A53F22F72C72F10100939FF9 /* UserRepository.swift in Sources */,
				A510BD6E2C7D672100D8418E /* GenreType.swift in Sources */,
				A5078A072C7B346E00B6ABC9 /* SettingViewModel.swift in Sources */,
				A5106D232C722FD200BB1066 /* SubtrackApp.swift in Sources */,
				A5E6288B2C74A18400BEBD2C /* SettingSubscriptionView.swift in Sources */,
			);
			runOnlyForDeploymentPostprocessing = 0;
		};
/* End PBXSourcesBuildPhase section */

/* Begin XCBuildConfiguration section */
		A5106D2D2C722FD200BB1066 /* Debug */ = {
			isa = XCBuildConfiguration;
			buildSettings = {
				ALWAYS_SEARCH_USER_PATHS = NO;
				ASSETCATALOG_COMPILER_GENERATE_SWIFT_ASSET_SYMBOL_EXTENSIONS = YES;
				CLANG_ANALYZER_NONNULL = YES;
				CLANG_ANALYZER_NUMBER_OBJECT_CONVERSION = YES_AGGRESSIVE;
				CLANG_CXX_LANGUAGE_STANDARD = "gnu++20";
				CLANG_ENABLE_MODULES = YES;
				CLANG_ENABLE_OBJC_ARC = YES;
				CLANG_ENABLE_OBJC_WEAK = YES;
				CLANG_WARN_BLOCK_CAPTURE_AUTORELEASING = YES;
				CLANG_WARN_BOOL_CONVERSION = YES;
				CLANG_WARN_COMMA = YES;
				CLANG_WARN_CONSTANT_CONVERSION = YES;
				CLANG_WARN_DEPRECATED_OBJC_IMPLEMENTATIONS = YES;
				CLANG_WARN_DIRECT_OBJC_ISA_USAGE = YES_ERROR;
				CLANG_WARN_DOCUMENTATION_COMMENTS = YES;
				CLANG_WARN_EMPTY_BODY = YES;
				CLANG_WARN_ENUM_CONVERSION = YES;
				CLANG_WARN_INFINITE_RECURSION = YES;
				CLANG_WARN_INT_CONVERSION = YES;
				CLANG_WARN_NON_LITERAL_NULL_CONVERSION = YES;
				CLANG_WARN_OBJC_IMPLICIT_RETAIN_SELF = YES;
				CLANG_WARN_OBJC_LITERAL_CONVERSION = YES;
				CLANG_WARN_OBJC_ROOT_CLASS = YES_ERROR;
				CLANG_WARN_QUOTED_INCLUDE_IN_FRAMEWORK_HEADER = YES;
				CLANG_WARN_RANGE_LOOP_ANALYSIS = YES;
				CLANG_WARN_STRICT_PROTOTYPES = YES;
				CLANG_WARN_SUSPICIOUS_MOVE = YES;
				CLANG_WARN_UNGUARDED_AVAILABILITY = YES_AGGRESSIVE;
				CLANG_WARN_UNREACHABLE_CODE = YES;
				CLANG_WARN__DUPLICATE_METHOD_MATCH = YES;
				COPY_PHASE_STRIP = NO;
				DEBUG_INFORMATION_FORMAT = dwarf;
				ENABLE_STRICT_OBJC_MSGSEND = YES;
				ENABLE_TESTABILITY = YES;
				ENABLE_USER_SCRIPT_SANDBOXING = YES;
				GCC_C_LANGUAGE_STANDARD = gnu17;
				GCC_DYNAMIC_NO_PIC = NO;
				GCC_NO_COMMON_BLOCKS = YES;
				GCC_OPTIMIZATION_LEVEL = 0;
				GCC_PREPROCESSOR_DEFINITIONS = (
					"DEBUG=1",
					"$(inherited)",
				);
				GCC_WARN_64_TO_32_BIT_CONVERSION = YES;
				GCC_WARN_ABOUT_RETURN_TYPE = YES_ERROR;
				GCC_WARN_UNDECLARED_SELECTOR = YES;
				GCC_WARN_UNINITIALIZED_AUTOS = YES_AGGRESSIVE;
				GCC_WARN_UNUSED_FUNCTION = YES;
				GCC_WARN_UNUSED_VARIABLE = YES;
				IPHONEOS_DEPLOYMENT_TARGET = 17.5;
				LOCALIZATION_PREFERS_STRING_CATALOGS = YES;
				MTL_ENABLE_DEBUG_INFO = INCLUDE_SOURCE;
				MTL_FAST_MATH = YES;
				ONLY_ACTIVE_ARCH = YES;
				SDKROOT = iphoneos;
				SWIFT_ACTIVE_COMPILATION_CONDITIONS = "DEBUG $(inherited)";
				SWIFT_OPTIMIZATION_LEVEL = "-Onone";
			};
			name = Debug;
		};
		A5106D2E2C722FD200BB1066 /* Release */ = {
			isa = XCBuildConfiguration;
			buildSettings = {
				ALWAYS_SEARCH_USER_PATHS = NO;
				ASSETCATALOG_COMPILER_GENERATE_SWIFT_ASSET_SYMBOL_EXTENSIONS = YES;
				CLANG_ANALYZER_NONNULL = YES;
				CLANG_ANALYZER_NUMBER_OBJECT_CONVERSION = YES_AGGRESSIVE;
				CLANG_CXX_LANGUAGE_STANDARD = "gnu++20";
				CLANG_ENABLE_MODULES = YES;
				CLANG_ENABLE_OBJC_ARC = YES;
				CLANG_ENABLE_OBJC_WEAK = YES;
				CLANG_WARN_BLOCK_CAPTURE_AUTORELEASING = YES;
				CLANG_WARN_BOOL_CONVERSION = YES;
				CLANG_WARN_COMMA = YES;
				CLANG_WARN_CONSTANT_CONVERSION = YES;
				CLANG_WARN_DEPRECATED_OBJC_IMPLEMENTATIONS = YES;
				CLANG_WARN_DIRECT_OBJC_ISA_USAGE = YES_ERROR;
				CLANG_WARN_DOCUMENTATION_COMMENTS = YES;
				CLANG_WARN_EMPTY_BODY = YES;
				CLANG_WARN_ENUM_CONVERSION = YES;
				CLANG_WARN_INFINITE_RECURSION = YES;
				CLANG_WARN_INT_CONVERSION = YES;
				CLANG_WARN_NON_LITERAL_NULL_CONVERSION = YES;
				CLANG_WARN_OBJC_IMPLICIT_RETAIN_SELF = YES;
				CLANG_WARN_OBJC_LITERAL_CONVERSION = YES;
				CLANG_WARN_OBJC_ROOT_CLASS = YES_ERROR;
				CLANG_WARN_QUOTED_INCLUDE_IN_FRAMEWORK_HEADER = YES;
				CLANG_WARN_RANGE_LOOP_ANALYSIS = YES;
				CLANG_WARN_STRICT_PROTOTYPES = YES;
				CLANG_WARN_SUSPICIOUS_MOVE = YES;
				CLANG_WARN_UNGUARDED_AVAILABILITY = YES_AGGRESSIVE;
				CLANG_WARN_UNREACHABLE_CODE = YES;
				CLANG_WARN__DUPLICATE_METHOD_MATCH = YES;
				COPY_PHASE_STRIP = NO;
				DEBUG_INFORMATION_FORMAT = "dwarf-with-dsym";
				ENABLE_NS_ASSERTIONS = NO;
				ENABLE_STRICT_OBJC_MSGSEND = YES;
				ENABLE_USER_SCRIPT_SANDBOXING = YES;
				GCC_C_LANGUAGE_STANDARD = gnu17;
				GCC_NO_COMMON_BLOCKS = YES;
				GCC_WARN_64_TO_32_BIT_CONVERSION = YES;
				GCC_WARN_ABOUT_RETURN_TYPE = YES_ERROR;
				GCC_WARN_UNDECLARED_SELECTOR = YES;
				GCC_WARN_UNINITIALIZED_AUTOS = YES_AGGRESSIVE;
				GCC_WARN_UNUSED_FUNCTION = YES;
				GCC_WARN_UNUSED_VARIABLE = YES;
				IPHONEOS_DEPLOYMENT_TARGET = 17.5;
				LOCALIZATION_PREFERS_STRING_CATALOGS = YES;
				MTL_ENABLE_DEBUG_INFO = NO;
				MTL_FAST_MATH = YES;
				SDKROOT = iphoneos;
				SWIFT_COMPILATION_MODE = wholemodule;
				VALIDATE_PRODUCT = YES;
			};
			name = Release;
		};
		A5106D302C722FD200BB1066 /* Debug */ = {
			isa = XCBuildConfiguration;
			buildSettings = {
				ASSETCATALOG_COMPILER_APPICON_NAME = AppIcon;
				ASSETCATALOG_COMPILER_GLOBAL_ACCENT_COLOR_NAME = AccentColor;
				CODE_SIGN_STYLE = Automatic;
				CURRENT_PROJECT_VERSION = 1;
				DEVELOPMENT_ASSET_PATHS = "\"subtrack/Preview Content\"";
				DEVELOPMENT_TEAM = 7PKNPH937L;
				ENABLE_PREVIEWS = YES;
				ENABLE_USER_SCRIPT_SANDBOXING = NO;
				GENERATE_INFOPLIST_FILE = YES;
				INFOPLIST_KEY_UIApplicationSceneManifest_Generation = YES;
				INFOPLIST_KEY_UIApplicationSupportsIndirectInputEvents = YES;
				INFOPLIST_KEY_UILaunchScreen_Generation = YES;
				INFOPLIST_KEY_UISupportedInterfaceOrientations_iPad = "UIInterfaceOrientationPortrait UIInterfaceOrientationPortraitUpsideDown UIInterfaceOrientationLandscapeLeft UIInterfaceOrientationLandscapeRight";
				INFOPLIST_KEY_UISupportedInterfaceOrientations_iPhone = "UIInterfaceOrientationPortrait UIInterfaceOrientationLandscapeLeft UIInterfaceOrientationLandscapeRight";
				LD_RUNPATH_SEARCH_PATHS = (
					"$(inherited)",
					"@executable_path/Frameworks",
				);
				MARKETING_VERSION = 1.0;
				PRODUCT_BUNDLE_IDENTIFIER = com.kametsun;
				PRODUCT_NAME = "$(TARGET_NAME)";
				SWIFT_EMIT_LOC_STRINGS = YES;
				SWIFT_VERSION = 5.0;
				TARGETED_DEVICE_FAMILY = "1,2";
			};
			name = Debug;
		};
		A5106D312C722FD200BB1066 /* Release */ = {
			isa = XCBuildConfiguration;
			buildSettings = {
				ASSETCATALOG_COMPILER_APPICON_NAME = AppIcon;
				ASSETCATALOG_COMPILER_GLOBAL_ACCENT_COLOR_NAME = AccentColor;
				CODE_SIGN_STYLE = Automatic;
				CURRENT_PROJECT_VERSION = 1;
				DEVELOPMENT_ASSET_PATHS = "\"subtrack/Preview Content\"";
				DEVELOPMENT_TEAM = 7PKNPH937L;
				ENABLE_PREVIEWS = YES;
				ENABLE_USER_SCRIPT_SANDBOXING = NO;
				GENERATE_INFOPLIST_FILE = YES;
				INFOPLIST_KEY_UIApplicationSceneManifest_Generation = YES;
				INFOPLIST_KEY_UIApplicationSupportsIndirectInputEvents = YES;
				INFOPLIST_KEY_UILaunchScreen_Generation = YES;
				INFOPLIST_KEY_UISupportedInterfaceOrientations_iPad = "UIInterfaceOrientationPortrait UIInterfaceOrientationPortraitUpsideDown UIInterfaceOrientationLandscapeLeft UIInterfaceOrientationLandscapeRight";
				INFOPLIST_KEY_UISupportedInterfaceOrientations_iPhone = "UIInterfaceOrientationPortrait UIInterfaceOrientationLandscapeLeft UIInterfaceOrientationLandscapeRight";
				LD_RUNPATH_SEARCH_PATHS = (
					"$(inherited)",
					"@executable_path/Frameworks",
				);
				MARKETING_VERSION = 1.0;
				PRODUCT_BUNDLE_IDENTIFIER = com.kametsun;
				PRODUCT_NAME = "$(TARGET_NAME)";
				SWIFT_EMIT_LOC_STRINGS = YES;
				SWIFT_VERSION = 5.0;
				TARGETED_DEVICE_FAMILY = "1,2";
			};
			name = Release;
		};
/* End XCBuildConfiguration section */

/* Begin XCConfigurationList section */
		A5106D1A2C722FD200BB1066 /* Build configuration list for PBXProject "subtrack" */ = {
			isa = XCConfigurationList;
			buildConfigurations = (
				A5106D2D2C722FD200BB1066 /* Debug */,
				A5106D2E2C722FD200BB1066 /* Release */,
			);
			defaultConfigurationIsVisible = 0;
			defaultConfigurationName = Release;
		};
		A5106D2F2C722FD200BB1066 /* Build configuration list for PBXNativeTarget "subtrack" */ = {
			isa = XCConfigurationList;
			buildConfigurations = (
				A5106D302C722FD200BB1066 /* Debug */,
				A5106D312C722FD200BB1066 /* Release */,
			);
			defaultConfigurationIsVisible = 0;
			defaultConfigurationName = Release;
		};
/* End XCConfigurationList section */
	};
	rootObject = A5106D172C722FD200BB1066 /* Project object */;
}
